
Microsoft Visual Studio Solution File, Format Version 12.00
# Visual Studio 15
VisualStudioVersion = 15.0.27130.2024
MinimumVisualStudioVersion = 10.0.40219.1
Project("{151D2E53-A2C4-4D7D-83FE-D05416EBD58E}") = "EventGridArmTemplate", "EventGridArmTemplate\EventGridArmTemplate.deployproj", "{64BF84C3-AFEF-4E72-B1A5-461AFA2C4818}"
EndProject
Global
	GlobalSection(SolutionConfigurationPlatforms) = preSolution
		Debug|Any CPU = Debug|Any CPU
		Release|Any CPU = Release|Any CPU
	EndGlobalSection
	GlobalSection(ProjectConfigurationPlatforms) = postSolution
		{64BF84C3-AFEF-4E72-B1A5-461AFA2C4818}.Debug|Any CPU.ActiveCfg = Debug|Any CPU
		{64BF84C3-AFEF-4E72-B1A5-461AFA2C4818}.Debug|Any CPU.Build.0 = Debug|Any CPU
		{64BF84C3-AFEF-4E72-B1A5-461AFA2C4818}.Release|Any CPU.ActiveCfg = Release|Any CPU
		{64BF84C3-AFEF-4E72-B1A5-461AFA2C4818}.Release|Any CPU.Build.0 = Release|Any CPU
	EndGlobalSection
	GlobalSection(SolutionProperties) = preSolution
		HideSolutionNode = FALSE
	EndGlobalSection
	GlobalSection(ExtensibilityGlobals) = postSolution
		SolutionGuid = {A477A261-56D9-4849-9BE6-5580964692C1}
	EndGlobalSection
EndGlobal
